{
    "name": "@sayman/sdk",
    "version": "1.0.2",
    "lockfileVersion": 3,
    "requires": true,
    "packages": {
        "": {
            "name": "@sayman/sdk",
            "version": "1.0.2",
            "dependencies": {
                "@sayman/sdk": "^1.0.0"
            }
        },
        "node_modules/@sayman/sdk": {
            "version": "1.0.0",
            "resolved": "https://registry.npmjs.org/@sayman/sdk/-/sdk-1.0.0.tgz",
            "integrity": "sha512-WlYNQgl0lzgXS5OKFqyoPPRtzPysftSPRYHne55kXitGp7v5VgUFbDDnI7fkoifVAhzIwQP5tS9TxjvKWPloRA=="
        }
    }
}
